// !$*UTF8*$!
{
	archiveVersion = 1;
	classes = {
	};
	objectVersion = 51;
	objects = {

/* Begin PBXBuildFile section */
		4F2D0E81BA61C05AC72CA0AC /* Pods_StoneChallenge.framework in Frameworks */ = {isa = PBXBuildFile; fileRef = 417015F7F7B96C25D7319689 /* Pods_StoneChallenge.framework */; };
		B8DD0C90CDED2DA03D6C5B7F /* Pods_StoneChallengeTests.framework in Frameworks */ = {isa = PBXBuildFile; fileRef = 19B3CB8C5D185E37B819C178 /* Pods_StoneChallengeTests.framework */; };
		F019FEFA2922D2D00077BD42 /* WebServiceType.swift in Sources */ = {isa = PBXBuildFile; fileRef = F019FEF92922D2D00077BD42 /* WebServiceType.swift */; };
		F019FEFF2922D4190077BD42 /* CharacterWebService.swift in Sources */ = {isa = PBXBuildFile; fileRef = F019FEFE2922D4190077BD42 /* CharacterWebService.swift */; };
		F019FF042923F84B0077BD42 /* CharactersWebService.swift in Sources */ = {isa = PBXBuildFile; fileRef = F019FF032923F84A0077BD42 /* CharactersWebService.swift */; };
		F019FF0C2923F9DE0077BD42 /* Data+Info.swift in Sources */ = {isa = PBXBuildFile; fileRef = F019FF0B2923F9DE0077BD42 /* Data+Info.swift */; };
		F019FF112923FABB0077BD42 /* Info.swift in Sources */ = {isa = PBXBuildFile; fileRef = F019FF102923FABB0077BD42 /* Info.swift */; };
		F019FF31292408EC0077BD42 /* CharactersViewModel.swift in Sources */ = {isa = PBXBuildFile; fileRef = F019FF30292408EC0077BD42 /* CharactersViewModel.swift */; };
		F019FF3729240F210077BD42 /* CharacterCollectionViewCell.swift in Sources */ = {isa = PBXBuildFile; fileRef = F019FF3629240F210077BD42 /* CharacterCollectionViewCell.swift */; };
		F019FF3F29240F6B0077BD42 /* CharacterCollectionViewModel.swift in Sources */ = {isa = PBXBuildFile; fileRef = F019FF3E29240F6B0077BD42 /* CharacterCollectionViewModel.swift */; };
		F019FF482924196E0077BD42 /* ViewControllerPreview.swift in Sources */ = {isa = PBXBuildFile; fileRef = F019FF472924196E0077BD42 /* ViewControllerPreview.swift */; };
		F019FF5329241C440077BD42 /* ViewPreview.swift in Sources */ = {isa = PBXBuildFile; fileRef = F019FF5229241C440077BD42 /* ViewPreview.swift */; };
		F019FF6929243B040077BD42 /* CharactersPresenter.swift in Sources */ = {isa = PBXBuildFile; fileRef = F019FF6829243B030077BD42 /* CharactersPresenter.swift */; };
		F019FF7129243E7A0077BD42 /* CharactersInteractor.swift in Sources */ = {isa = PBXBuildFile; fileRef = F019FF7029243E7A0077BD42 /* CharactersInteractor.swift */; };
		F019FF7629243EAF0077BD42 /* CharactersRouter.swift in Sources */ = {isa = PBXBuildFile; fileRef = F019FF7529243EAF0077BD42 /* CharactersRouter.swift */; };
		F019FF7E29243ECA0077BD42 /* CharactersViewControllerFactory.swift in Sources */ = {isa = PBXBuildFile; fileRef = F019FF7D29243ECA0077BD42 /* CharactersViewControllerFactory.swift */; };
		F07737472929B11300A6D0F7 /* UIStackView+Extensions.swift in Sources */ = {isa = PBXBuildFile; fileRef = F07737462929B11300A6D0F7 /* UIStackView+Extensions.swift */; };
		F077374F2929BE3C00A6D0F7 /* Localizable.strings in Resources */ = {isa = PBXBuildFile; fileRef = F077374E2929BE3C00A6D0F7 /* Localizable.strings */; };
		F07737542929CD7F00A6D0F7 /* APIParameters.swift in Sources */ = {isa = PBXBuildFile; fileRef = F07737532929CD7F00A6D0F7 /* APIParameters.swift */; };
		F07737592929D4DF00A6D0F7 /* Status.swift in Sources */ = {isa = PBXBuildFile; fileRef = F07737582929D4DF00A6D0F7 /* Status.swift */; };
		F077375E2929D4F000A6D0F7 /* Gender.swift in Sources */ = {isa = PBXBuildFile; fileRef = F077375D2929D4F000A6D0F7 /* Gender.swift */; };
		F0773862292B19D200A6D0F7 /* FilterCallBack.swift in Sources */ = {isa = PBXBuildFile; fileRef = F0773861292B19D200A6D0F7 /* FilterCallBack.swift */; };
		F08A1D12292980B8008EF437 /* FilterViewModel.swift in Sources */ = {isa = PBXBuildFile; fileRef = F08A1D11292980B8008EF437 /* FilterViewModel.swift */; };
		F08A1D172929835F008EF437 /* FilterViewController.swift in Sources */ = {isa = PBXBuildFile; fileRef = F08A1D162929835F008EF437 /* FilterViewController.swift */; };
		F08A1D1C29298606008EF437 /* FilterPresenter.swift in Sources */ = {isa = PBXBuildFile; fileRef = F08A1D1B29298606008EF437 /* FilterPresenter.swift */; };
		F08A1D21292987B8008EF437 /* FilterInteractor.swift in Sources */ = {isa = PBXBuildFile; fileRef = F08A1D20292987B8008EF437 /* FilterInteractor.swift */; };
		F08A1D26292987DB008EF437 /* FilterRouter.swift in Sources */ = {isa = PBXBuildFile; fileRef = F08A1D25292987DB008EF437 /* FilterRouter.swift */; };
		F08A1D2B29298841008EF437 /* FilterViewControllerFactory.swift in Sources */ = {isa = PBXBuildFile; fileRef = F08A1D2A29298841008EF437 /* FilterViewControllerFactory.swift */; };
		F08EAFC32922B3D800DB049F /* AppDelegate.swift in Sources */ = {isa = PBXBuildFile; fileRef = F08EAFC22922B3D800DB049F /* AppDelegate.swift */; };
		F08EAFC52922B3D800DB049F /* SceneDelegate.swift in Sources */ = {isa = PBXBuildFile; fileRef = F08EAFC42922B3D800DB049F /* SceneDelegate.swift */; };
		F08EAFC72922B3D800DB049F /* CharactersViewController.swift in Sources */ = {isa = PBXBuildFile; fileRef = F08EAFC62922B3D800DB049F /* CharactersViewController.swift */; };
		F08EAFCC2922B3DA00DB049F /* Assets.xcassets in Resources */ = {isa = PBXBuildFile; fileRef = F08EAFCB2922B3DA00DB049F /* Assets.xcassets */; };
		F08EAFCF2922B3DA00DB049F /* LaunchScreen.storyboard in Resources */ = {isa = PBXBuildFile; fileRef = F08EAFCD2922B3DA00DB049F /* LaunchScreen.storyboard */; };
		F08EAFE52922B3DB00DB049F /* StoneChallangeUITests.swift in Sources */ = {isa = PBXBuildFile; fileRef = F08EAFE42922B3DB00DB049F /* StoneChallangeUITests.swift */; };
		F08EB00C2922CAC700DB049F /* Character.swift in Sources */ = {isa = PBXBuildFile; fileRef = F08EB00B2922CAC700DB049F /* Character.swift */; };
		F08EB0112922CBD900DB049F /* Location.swift in Sources */ = {isa = PBXBuildFile; fileRef = F08EB0102922CBD900DB049F /* Location.swift */; };
		F0A078B2292D3601009FBED2 /* CharactersViewModelTests.swift in Sources */ = {isa = PBXBuildFile; fileRef = F077376B292AC68100A6D0F7 /* CharactersViewModelTests.swift */; };
		F0C35B7F29245CE100F85183 /* DependencyContainer.swift in Sources */ = {isa = PBXBuildFile; fileRef = F0C35B7E29245CE100F85183 /* DependencyContainer.swift */; };
		F0C35BD7292801F300F85183 /* CharacterViewController.swift in Sources */ = {isa = PBXBuildFile; fileRef = F0C35BD6292801F300F85183 /* CharacterViewController.swift */; };
		F0C35BDC292803F400F85183 /* CharacterInteractor.swift in Sources */ = {isa = PBXBuildFile; fileRef = F0C35BDB292803F400F85183 /* CharacterInteractor.swift */; };
		F0C35BE12928041B00F85183 /* CharacterPresenter.swift in Sources */ = {isa = PBXBuildFile; fileRef = F0C35BE02928041B00F85183 /* CharacterPresenter.swift */; };
		F0C35BE9292806A300F85183 /* CharacterRouter.swift in Sources */ = {isa = PBXBuildFile; fileRef = F0C35BE8292806A300F85183 /* CharacterRouter.swift */; };
		F0C35BEE292806C200F85183 /* CharacterViewControllerFactory.swift in Sources */ = {isa = PBXBuildFile; fileRef = F0C35BED292806C200F85183 /* CharacterViewControllerFactory.swift */; };
		F0C35BFB29282F8000F85183 /* CharacterViewModel.swift in Sources */ = {isa = PBXBuildFile; fileRef = F0C35BCB2927FFBC00F85183 /* CharacterViewModel.swift */; };
		F0C35C012928345C00F85183 /* ImageCache.swift in Sources */ = {isa = PBXBuildFile; fileRef = F0C35C002928345C00F85183 /* ImageCache.swift */; };
/* End PBXBuildFile section */

/* Begin PBXContainerItemProxy section */
		F08EAFD62922B3DB00DB049F /* PBXContainerItemProxy */ = {
			isa = PBXContainerItemProxy;
			containerPortal = F08EAFB72922B3D800DB049F /* Project object */;
			proxyType = 1;
			remoteGlobalIDString = F08EAFBE2922B3D800DB049F;
			remoteInfo = StoneChallange;
		};
		F08EAFE12922B3DB00DB049F /* PBXContainerItemProxy */ = {
			isa = PBXContainerItemProxy;
			containerPortal = F08EAFB72922B3D800DB049F /* Project object */;
			proxyType = 1;
			remoteGlobalIDString = F08EAFBE2922B3D800DB049F;
			remoteInfo = StoneChallange;
		};
/* End PBXContainerItemProxy section */

/* Begin PBXCopyFilesBuildPhase section */
		F06D4011292D482B0008C5D8 /* Embed Frameworks */ = {
			isa = PBXCopyFilesBuildPhase;
			buildActionMask = 2147483647;
			dstPath = "";
			dstSubfolderSpec = 10;
			files = (
			);
			name = "Embed Frameworks";
			runOnlyForDeploymentPostprocessing = 0;
		};
/* End PBXCopyFilesBuildPhase section */

/* Begin PBXFileReference section */
		19B3CB8C5D185E37B819C178 /* Pods_StoneChallengeTests.framework */ = {isa = PBXFileReference; explicitFileType = wrapper.framework; includeInIndex = 0; path = Pods_StoneChallengeTests.framework; sourceTree = BUILT_PRODUCTS_DIR; };
		23245D373D41EEB44F792BA7 /* Pods-StoneChallenge.debug.xcconfig */ = {isa = PBXFileReference; includeInIndex = 1; lastKnownFileType = text.xcconfig; name = "Pods-StoneChallenge.debug.xcconfig"; path = "Target Support Files/Pods-StoneChallenge/Pods-StoneChallenge.debug.xcconfig"; sourceTree = "<group>"; };
		417015F7F7B96C25D7319689 /* Pods_StoneChallenge.framework */ = {isa = PBXFileReference; explicitFileType = wrapper.framework; includeInIndex = 0; path = Pods_StoneChallenge.framework; sourceTree = BUILT_PRODUCTS_DIR; };
		5D95E0160805D397C5C869BE /* Pods-StoneChallenge.release.xcconfig */ = {isa = PBXFileReference; includeInIndex = 1; lastKnownFileType = text.xcconfig; name = "Pods-StoneChallenge.release.xcconfig"; path = "Target Support Files/Pods-StoneChallenge/Pods-StoneChallenge.release.xcconfig"; sourceTree = "<group>"; };
		6614FEAA8A2C92791E59B6AC /* Pods-StoneChallengeTests.release.xcconfig */ = {isa = PBXFileReference; includeInIndex = 1; lastKnownFileType = text.xcconfig; name = "Pods-StoneChallengeTests.release.xcconfig"; path = "Target Support Files/Pods-StoneChallengeTests/Pods-StoneChallengeTests.release.xcconfig"; sourceTree = "<group>"; };
		F019FEF92922D2D00077BD42 /* WebServiceType.swift */ = {isa = PBXFileReference; lastKnownFileType = sourcecode.swift; path = WebServiceType.swift; sourceTree = "<group>"; };
		F019FEFE2922D4190077BD42 /* CharacterWebService.swift */ = {isa = PBXFileReference; lastKnownFileType = sourcecode.swift; path = CharacterWebService.swift; sourceTree = "<group>"; };
		F019FF032923F84A0077BD42 /* CharactersWebService.swift */ = {isa = PBXFileReference; lastKnownFileType = sourcecode.swift; path = CharactersWebService.swift; sourceTree = "<group>"; };
		F019FF0B2923F9DE0077BD42 /* Data+Info.swift */ = {isa = PBXFileReference; lastKnownFileType = sourcecode.swift; path = "Data+Info.swift"; sourceTree = "<group>"; };
		F019FF102923FABB0077BD42 /* Info.swift */ = {isa = PBXFileReference; lastKnownFileType = sourcecode.swift; path = Info.swift; sourceTree = "<group>"; };
		F019FF30292408EC0077BD42 /* CharactersViewModel.swift */ = {isa = PBXFileReference; lastKnownFileType = sourcecode.swift; path = CharactersViewModel.swift; sourceTree = "<group>"; };
		F019FF3629240F210077BD42 /* CharacterCollectionViewCell.swift */ = {isa = PBXFileReference; lastKnownFileType = sourcecode.swift; path = CharacterCollectionViewCell.swift; sourceTree = "<group>"; };
		F019FF3E29240F6B0077BD42 /* CharacterCollectionViewModel.swift */ = {isa = PBXFileReference; lastKnownFileType = sourcecode.swift; path = CharacterCollectionViewModel.swift; sourceTree = "<group>"; };
		F019FF472924196E0077BD42 /* ViewControllerPreview.swift */ = {isa = PBXFileReference; lastKnownFileType = sourcecode.swift; path = ViewControllerPreview.swift; sourceTree = "<group>"; };
		F019FF5229241C440077BD42 /* ViewPreview.swift */ = {isa = PBXFileReference; lastKnownFileType = sourcecode.swift; path = ViewPreview.swift; sourceTree = "<group>"; };
		F019FF6829243B030077BD42 /* CharactersPresenter.swift */ = {isa = PBXFileReference; lastKnownFileType = sourcecode.swift; path = CharactersPresenter.swift; sourceTree = "<group>"; };
		F019FF7029243E7A0077BD42 /* CharactersInteractor.swift */ = {isa = PBXFileReference; lastKnownFileType = sourcecode.swift; path = CharactersInteractor.swift; sourceTree = "<group>"; };
		F019FF7529243EAF0077BD42 /* CharactersRouter.swift */ = {isa = PBXFileReference; lastKnownFileType = sourcecode.swift; path = CharactersRouter.swift; sourceTree = "<group>"; };
		F019FF7D29243ECA0077BD42 /* CharactersViewControllerFactory.swift */ = {isa = PBXFileReference; lastKnownFileType = sourcecode.swift; path = CharactersViewControllerFactory.swift; sourceTree = "<group>"; };
		F07737462929B11300A6D0F7 /* UIStackView+Extensions.swift */ = {isa = PBXFileReference; lastKnownFileType = sourcecode.swift; path = "UIStackView+Extensions.swift"; sourceTree = "<group>"; };
		F077374E2929BE3C00A6D0F7 /* Localizable.strings */ = {isa = PBXFileReference; lastKnownFileType = text.plist.strings; path = Localizable.strings; sourceTree = "<group>"; };
		F07737532929CD7F00A6D0F7 /* APIParameters.swift */ = {isa = PBXFileReference; lastKnownFileType = sourcecode.swift; path = APIParameters.swift; sourceTree = "<group>"; };
		F07737582929D4DF00A6D0F7 /* Status.swift */ = {isa = PBXFileReference; lastKnownFileType = sourcecode.swift; path = Status.swift; sourceTree = "<group>"; };
		F077375D2929D4F000A6D0F7 /* Gender.swift */ = {isa = PBXFileReference; lastKnownFileType = sourcecode.swift; path = Gender.swift; sourceTree = "<group>"; };
		F077376B292AC68100A6D0F7 /* CharactersViewModelTests.swift */ = {isa = PBXFileReference; lastKnownFileType = sourcecode.swift; path = CharactersViewModelTests.swift; sourceTree = "<group>"; };
		F0773861292B19D200A6D0F7 /* FilterCallBack.swift */ = {isa = PBXFileReference; lastKnownFileType = sourcecode.swift; path = FilterCallBack.swift; sourceTree = "<group>"; };
		F08A1D11292980B8008EF437 /* FilterViewModel.swift */ = {isa = PBXFileReference; lastKnownFileType = sourcecode.swift; path = FilterViewModel.swift; sourceTree = "<group>"; };
		F08A1D162929835F008EF437 /* FilterViewController.swift */ = {isa = PBXFileReference; lastKnownFileType = sourcecode.swift; path = FilterViewController.swift; sourceTree = "<group>"; };
		F08A1D1B29298606008EF437 /* FilterPresenter.swift */ = {isa = PBXFileReference; lastKnownFileType = sourcecode.swift; path = FilterPresenter.swift; sourceTree = "<group>"; };
		F08A1D20292987B8008EF437 /* FilterInteractor.swift */ = {isa = PBXFileReference; lastKnownFileType = sourcecode.swift; path = FilterInteractor.swift; sourceTree = "<group>"; };
		F08A1D25292987DB008EF437 /* FilterRouter.swift */ = {isa = PBXFileReference; lastKnownFileType = sourcecode.swift; path = FilterRouter.swift; sourceTree = "<group>"; };
		F08A1D2A29298841008EF437 /* FilterViewControllerFactory.swift */ = {isa = PBXFileReference; lastKnownFileType = sourcecode.swift; path = FilterViewControllerFactory.swift; sourceTree = "<group>"; };
		F08EAFBF2922B3D800DB049F /* StoneChallenge.app */ = {isa = PBXFileReference; explicitFileType = wrapper.application; includeInIndex = 0; path = StoneChallenge.app; sourceTree = BUILT_PRODUCTS_DIR; };
		F08EAFC22922B3D800DB049F /* AppDelegate.swift */ = {isa = PBXFileReference; lastKnownFileType = sourcecode.swift; path = AppDelegate.swift; sourceTree = "<group>"; };
		F08EAFC42922B3D800DB049F /* SceneDelegate.swift */ = {isa = PBXFileReference; lastKnownFileType = sourcecode.swift; path = SceneDelegate.swift; sourceTree = "<group>"; };
		F08EAFC62922B3D800DB049F /* CharactersViewController.swift */ = {isa = PBXFileReference; lastKnownFileType = sourcecode.swift; path = CharactersViewController.swift; sourceTree = "<group>"; };
		F08EAFCB2922B3DA00DB049F /* Assets.xcassets */ = {isa = PBXFileReference; lastKnownFileType = folder.assetcatalog; path = Assets.xcassets; sourceTree = "<group>"; };
		F08EAFCE2922B3DA00DB049F /* Base */ = {isa = PBXFileReference; lastKnownFileType = file.storyboard; name = Base; path = Base.lproj/LaunchScreen.storyboard; sourceTree = "<group>"; };
		F08EAFD02922B3DA00DB049F /* Info.plist */ = {isa = PBXFileReference; lastKnownFileType = text.plist.xml; path = Info.plist; sourceTree = "<group>"; };
		F08EAFD52922B3DB00DB049F /* StoneChallengeTests.xctest */ = {isa = PBXFileReference; explicitFileType = wrapper.cfbundle; includeInIndex = 0; path = StoneChallengeTests.xctest; sourceTree = BUILT_PRODUCTS_DIR; };
		F08EAFDB2922B3DB00DB049F /* Info.plist */ = {isa = PBXFileReference; lastKnownFileType = text.plist.xml; path = Info.plist; sourceTree = "<group>"; };
		F08EAFE02922B3DB00DB049F /* StoneChallengeUITests.xctest */ = {isa = PBXFileReference; explicitFileType = wrapper.cfbundle; includeInIndex = 0; path = StoneChallengeUITests.xctest; sourceTree = BUILT_PRODUCTS_DIR; };
		F08EAFE42922B3DB00DB049F /* StoneChallangeUITests.swift */ = {isa = PBXFileReference; lastKnownFileType = sourcecode.swift; path = StoneChallangeUITests.swift; sourceTree = "<group>"; };
		F08EAFE62922B3DB00DB049F /* Info.plist */ = {isa = PBXFileReference; lastKnownFileType = text.plist.xml; path = Info.plist; sourceTree = "<group>"; };
		F08EB00B2922CAC700DB049F /* Character.swift */ = {isa = PBXFileReference; lastKnownFileType = sourcecode.swift; path = Character.swift; sourceTree = "<group>"; };
		F08EB0102922CBD900DB049F /* Location.swift */ = {isa = PBXFileReference; lastKnownFileType = sourcecode.swift; path = Location.swift; sourceTree = "<group>"; };
		F0C35B7E29245CE100F85183 /* DependencyContainer.swift */ = {isa = PBXFileReference; lastKnownFileType = sourcecode.swift; path = DependencyContainer.swift; sourceTree = "<group>"; };
		F0C35BCB2927FFBC00F85183 /* CharacterViewModel.swift */ = {isa = PBXFileReference; lastKnownFileType = sourcecode.swift; path = CharacterViewModel.swift; sourceTree = "<group>"; };
		F0C35BD6292801F300F85183 /* CharacterViewController.swift */ = {isa = PBXFileReference; lastKnownFileType = sourcecode.swift; path = CharacterViewController.swift; sourceTree = "<group>"; };
		F0C35BDB292803F400F85183 /* CharacterInteractor.swift */ = {isa = PBXFileReference; lastKnownFileType = sourcecode.swift; path = CharacterInteractor.swift; sourceTree = "<group>"; };
		F0C35BE02928041B00F85183 /* CharacterPresenter.swift */ = {isa = PBXFileReference; lastKnownFileType = sourcecode.swift; path = CharacterPresenter.swift; sourceTree = "<group>"; };
		F0C35BE8292806A300F85183 /* CharacterRouter.swift */ = {isa = PBXFileReference; lastKnownFileType = sourcecode.swift; path = CharacterRouter.swift; sourceTree = "<group>"; };
		F0C35BED292806C200F85183 /* CharacterViewControllerFactory.swift */ = {isa = PBXFileReference; lastKnownFileType = sourcecode.swift; path = CharacterViewControllerFactory.swift; sourceTree = "<group>"; };
		F0C35C002928345C00F85183 /* ImageCache.swift */ = {isa = PBXFileReference; lastKnownFileType = sourcecode.swift; path = ImageCache.swift; sourceTree = "<group>"; };
		F4CE04CE0D2F61B569FE92F0 /* Pods-StoneChallengeTests.debug.xcconfig */ = {isa = PBXFileReference; includeInIndex = 1; lastKnownFileType = text.xcconfig; name = "Pods-StoneChallengeTests.debug.xcconfig"; path = "Target Support Files/Pods-StoneChallengeTests/Pods-StoneChallengeTests.debug.xcconfig"; sourceTree = "<group>"; };
/* End PBXFileReference section */

/* Begin PBXFrameworksBuildPhase section */
		F08EAFBC2922B3D800DB049F /* Frameworks */ = {
			isa = PBXFrameworksBuildPhase;
			buildActionMask = 2147483647;
			files = (
				4F2D0E81BA61C05AC72CA0AC /* Pods_StoneChallenge.framework in Frameworks */,
			);
			runOnlyForDeploymentPostprocessing = 0;
		};
		F08EAFD22922B3DB00DB049F /* Frameworks */ = {
			isa = PBXFrameworksBuildPhase;
			buildActionMask = 2147483647;
			files = (
				B8DD0C90CDED2DA03D6C5B7F /* Pods_StoneChallengeTests.framework in Frameworks */,
			);
			runOnlyForDeploymentPostprocessing = 0;
		};
		F08EAFDD2922B3DB00DB049F /* Frameworks */ = {
			isa = PBXFrameworksBuildPhase;
			buildActionMask = 2147483647;
			files = (
			);
			runOnlyForDeploymentPostprocessing = 0;
		};
/* End PBXFrameworksBuildPhase section */

/* Begin PBXGroup section */
		50D29026CC11C60D403A2C92 /* Frameworks */ = {
			isa = PBXGroup;
			children = (
				417015F7F7B96C25D7319689 /* Pods_StoneChallenge.framework */,
				19B3CB8C5D185E37B819C178 /* Pods_StoneChallengeTests.framework */,
			);
			name = Frameworks;
			sourceTree = "<group>";
		};
		BCD227C491FEBB09002D62C9 /* Pods */ = {
			isa = PBXGroup;
			children = (
				23245D373D41EEB44F792BA7 /* Pods-StoneChallenge.debug.xcconfig */,
				5D95E0160805D397C5C869BE /* Pods-StoneChallenge.release.xcconfig */,
				F4CE04CE0D2F61B569FE92F0 /* Pods-StoneChallengeTests.debug.xcconfig */,
				6614FEAA8A2C92791E59B6AC /* Pods-StoneChallengeTests.release.xcconfig */,
			);
			path = Pods;
			sourceTree = "<group>";
		};
		F019FF182923FC3F0077BD42 /* Networking */ = {
			isa = PBXGroup;
			children = (
				F019FEF92922D2D00077BD42 /* WebServiceType.swift */,
				F0C35C002928345C00F85183 /* ImageCache.swift */,
			);
			path = Networking;
			sourceTree = "<group>";
		};
		F019FF1C2923FC900077BD42 /* Networking */ = {
			isa = PBXGroup;
			children = (
				F019FF1D2923FC9D0077BD42 /* Models */,
			);
			path = Networking;
			sourceTree = "<group>";
		};
		F019FF1D2923FC9D0077BD42 /* Models */ = {
			isa = PBXGroup;
			children = (
				F019FF102923FABB0077BD42 /* Info.swift */,
				F019FF0B2923F9DE0077BD42 /* Data+Info.swift */,
				F07737532929CD7F00A6D0F7 /* APIParameters.swift */,
				F07737582929D4DF00A6D0F7 /* Status.swift */,
				F077375D2929D4F000A6D0F7 /* Gender.swift */,
			);
			path = Models;
			sourceTree = "<group>";
		};
		F019FF3529240ED50077BD42 /* CollectionViewCell */ = {
			isa = PBXGroup;
			children = (
				F019FF3629240F210077BD42 /* CharacterCollectionViewCell.swift */,
				F019FF3E29240F6B0077BD42 /* CharacterCollectionViewModel.swift */,
			);
			path = CollectionViewCell;
			sourceTree = "<group>";
		};
		F019FF46292419010077BD42 /* Previews */ = {
			isa = PBXGroup;
			children = (
				F019FF472924196E0077BD42 /* ViewControllerPreview.swift */,
				F019FF5229241C440077BD42 /* ViewPreview.swift */,
			);
			path = Previews;
			sourceTree = "<group>";
		};
		F07737452929B0F800A6D0F7 /* Extensions */ = {
			isa = PBXGroup;
			children = (
				F07737462929B11300A6D0F7 /* UIStackView+Extensions.swift */,
			);
			path = Extensions;
			sourceTree = "<group>";
		};
		F0773768292AC63200A6D0F7 /* Features */ = {
			isa = PBXGroup;
			children = (
				F0773769292AC63C00A6D0F7 /* Character */,
			);
			path = Features;
			sourceTree = "<group>";
		};
		F0773769292AC63C00A6D0F7 /* Character */ = {
			isa = PBXGroup;
			children = (
				F077376A292AC64D00A6D0F7 /* Collection */,
			);
			path = Character;
			sourceTree = "<group>";
		};
		F077376A292AC64D00A6D0F7 /* Collection */ = {
			isa = PBXGroup;
			children = (
				F077376B292AC68100A6D0F7 /* CharactersViewModelTests.swift */,
			);
			path = Collection;
			sourceTree = "<group>";
		};
		F08A1D1029298003008EF437 /* Filter */ = {
			isa = PBXGroup;
			children = (
				F08A1D11292980B8008EF437 /* FilterViewModel.swift */,
				F08A1D162929835F008EF437 /* FilterViewController.swift */,
				F08A1D1B29298606008EF437 /* FilterPresenter.swift */,
				F08A1D20292987B8008EF437 /* FilterInteractor.swift */,
				F08A1D25292987DB008EF437 /* FilterRouter.swift */,
				F08A1D2A29298841008EF437 /* FilterViewControllerFactory.swift */,
			);
			path = Filter;
			sourceTree = "<group>";
		};
		F08EAFB62922B3D800DB049F = {
			isa = PBXGroup;
			children = (
				F08EAFC12922B3D800DB049F /* StoneChallenge */,
				F08EAFD82922B3DB00DB049F /* StoneChallengeTests */,
				F08EAFE32922B3DB00DB049F /* StoneChallengeUITests */,
				F08EAFC02922B3D800DB049F /* Products */,
				BCD227C491FEBB09002D62C9 /* Pods */,
				50D29026CC11C60D403A2C92 /* Frameworks */,
			);
			sourceTree = "<group>";
		};
		F08EAFC02922B3D800DB049F /* Products */ = {
			isa = PBXGroup;
			children = (
				F08EAFBF2922B3D800DB049F /* StoneChallenge.app */,
				F08EAFD52922B3DB00DB049F /* StoneChallengeTests.xctest */,
				F08EAFE02922B3DB00DB049F /* StoneChallengeUITests.xctest */,
			);
			name = Products;
			sourceTree = "<group>";
		};
		F08EAFC12922B3D800DB049F /* StoneChallenge */ = {
			isa = PBXGroup;
			children = (
				F07737452929B0F800A6D0F7 /* Extensions */,
				F08EB0072922C7D200DB049F /* Domains */,
				F08EB0052922C79600DB049F /* Features */,
				F019FF46292419010077BD42 /* Previews */,
				F08EAFC22922B3D800DB049F /* AppDelegate.swift */,
				F08EAFC42922B3D800DB049F /* SceneDelegate.swift */,
				F08EAFCB2922B3DA00DB049F /* Assets.xcassets */,
				F08EAFCD2922B3DA00DB049F /* LaunchScreen.storyboard */,
				F08EAFD02922B3DA00DB049F /* Info.plist */,
				F077374E2929BE3C00A6D0F7 /* Localizable.strings */,
			);
			path = StoneChallenge;
			sourceTree = "<group>";
		};
		F08EAFD82922B3DB00DB049F /* StoneChallengeTests */ = {
			isa = PBXGroup;
			children = (
				F0773768292AC63200A6D0F7 /* Features */,
				F08EAFDB2922B3DB00DB049F /* Info.plist */,
			);
			path = StoneChallengeTests;
			sourceTree = "<group>";
		};
		F08EAFE32922B3DB00DB049F /* StoneChallengeUITests */ = {
			isa = PBXGroup;
			children = (
				F08EAFE42922B3DB00DB049F /* StoneChallangeUITests.swift */,
				F08EAFE62922B3DB00DB049F /* Info.plist */,
			);
			path = StoneChallengeUITests;
			sourceTree = "<group>";
		};
		F08EB0052922C79600DB049F /* Features */ = {
			isa = PBXGroup;
			children = (
				F08EB0062922C7A100DB049F /* Character */,
				F019FF182923FC3F0077BD42 /* Networking */,
				F0C35B7E29245CE100F85183 /* DependencyContainer.swift */,
			);
			path = Features;
			sourceTree = "<group>";
		};
		F08EB0062922C7A100DB049F /* Character */ = {
			isa = PBXGroup;
			children = (
				F0C35BBD2927DAB700F85183 /* Collection */,
				F0C35BCA2927DAD600F85183 /* Detail */,
				F08A1D1029298003008EF437 /* Filter */,
			);
			path = Character;
			sourceTree = "<group>";
		};
		F08EB0072922C7D200DB049F /* Domains */ = {
			isa = PBXGroup;
			children = (
				F08EB0082922C7DD00DB049F /* Characters */,
				F019FF1C2923FC900077BD42 /* Networking */,
			);
			path = Domains;
			sourceTree = "<group>";
		};
		F08EB0082922C7DD00DB049F /* Characters */ = {
			isa = PBXGroup;
			children = (
				F08EB00A2922C7F200DB049F /* WebServices */,
				F08EB0092922C7E900DB049F /* Models */,
			);
			path = Characters;
			sourceTree = "<group>";
		};
		F08EB0092922C7E900DB049F /* Models */ = {
			isa = PBXGroup;
			children = (
				F08EB00B2922CAC700DB049F /* Character.swift */,
				F08EB0102922CBD900DB049F /* Location.swift */,
				F0773861292B19D200A6D0F7 /* FilterCallBack.swift */,
			);
			path = Models;
			sourceTree = "<group>";
		};
		F08EB00A2922C7F200DB049F /* WebServices */ = {
			isa = PBXGroup;
			children = (
				F019FEFE2922D4190077BD42 /* CharacterWebService.swift */,
				F019FF032923F84A0077BD42 /* CharactersWebService.swift */,
			);
			path = WebServices;
			sourceTree = "<group>";
		};
		F0C35BBD2927DAB700F85183 /* Collection */ = {
			isa = PBXGroup;
			children = (
				F019FF30292408EC0077BD42 /* CharactersViewModel.swift */,
				F08EAFC62922B3D800DB049F /* CharactersViewController.swift */,
				F019FF6829243B030077BD42 /* CharactersPresenter.swift */,
				F019FF7029243E7A0077BD42 /* CharactersInteractor.swift */,
				F019FF7529243EAF0077BD42 /* CharactersRouter.swift */,
				F019FF7D29243ECA0077BD42 /* CharactersViewControllerFactory.swift */,
				F019FF3529240ED50077BD42 /* CollectionViewCell */,
			);
			path = Collection;
			sourceTree = "<group>";
		};
		F0C35BCA2927DAD600F85183 /* Detail */ = {
			isa = PBXGroup;
			children = (
				F0C35BCB2927FFBC00F85183 /* CharacterViewModel.swift */,
				F0C35BD6292801F300F85183 /* CharacterViewController.swift */,
				F0C35BE02928041B00F85183 /* CharacterPresenter.swift */,
				F0C35BDB292803F400F85183 /* CharacterInteractor.swift */,
				F0C35BE8292806A300F85183 /* CharacterRouter.swift */,
				F0C35BED292806C200F85183 /* CharacterViewControllerFactory.swift */,
			);
			path = Detail;
			sourceTree = "<group>";
		};
/* End PBXGroup section */

/* Begin PBXNativeTarget section */
		F08EAFBE2922B3D800DB049F /* StoneChallenge */ = {
			isa = PBXNativeTarget;
			buildConfigurationList = F08EAFE92922B3DB00DB049F /* Build configuration list for PBXNativeTarget "StoneChallenge" */;
			buildPhases = (
				8321881BA7F3DB6F547E9807 /* [CP] Check Pods Manifest.lock */,
				F08EAFFB2922BFFF00DB049F /* ShellScript */,
				F08EAFBB2922B3D800DB049F /* Sources */,
				F08EAFBC2922B3D800DB049F /* Frameworks */,
				F08EAFBD2922B3D800DB049F /* Resources */,
				F06D4011292D482B0008C5D8 /* Embed Frameworks */,
				6233DB2D158C4B3CBB2464AF /* [CP] Embed Pods Frameworks */,
			);
			buildRules = (
			);
			dependencies = (
			);
			name = StoneChallenge;
			productName = StoneChallange;
			productReference = F08EAFBF2922B3D800DB049F /* StoneChallenge.app */;
			productType = "com.apple.product-type.application";
		};
		F08EAFD42922B3DB00DB049F /* StoneChallengeTests */ = {
			isa = PBXNativeTarget;
			buildConfigurationList = F08EAFEC2922B3DB00DB049F /* Build configuration list for PBXNativeTarget "StoneChallengeTests" */;
			buildPhases = (
				C391E12692DB9F011417F923 /* [CP] Check Pods Manifest.lock */,
				F08EAFD12922B3DB00DB049F /* Sources */,
				F08EAFD22922B3DB00DB049F /* Frameworks */,
				F08EAFD32922B3DB00DB049F /* Resources */,
				CD605B7E17174CAFD309AA0E /* [CP] Embed Pods Frameworks */,
			);
			buildRules = (
			);
			dependencies = (
				F08EAFD72922B3DB00DB049F /* PBXTargetDependency */,
			);
			name = StoneChallengeTests;
			productName = StoneChallangeTests;
			productReference = F08EAFD52922B3DB00DB049F /* StoneChallengeTests.xctest */;
			productType = "com.apple.product-type.bundle.unit-test";
		};
		F08EAFDF2922B3DB00DB049F /* StoneChallengeUITests */ = {
			isa = PBXNativeTarget;
			buildConfigurationList = F08EAFEF2922B3DB00DB049F /* Build configuration list for PBXNativeTarget "StoneChallengeUITests" */;
			buildPhases = (
				F08EAFDC2922B3DB00DB049F /* Sources */,
				F08EAFDD2922B3DB00DB049F /* Frameworks */,
				F08EAFDE2922B3DB00DB049F /* Resources */,
			);
			buildRules = (
			);
			dependencies = (
				F08EAFE22922B3DB00DB049F /* PBXTargetDependency */,
			);
			name = StoneChallengeUITests;
			productName = StoneChallangeUITests;
			productReference = F08EAFE02922B3DB00DB049F /* StoneChallengeUITests.xctest */;
			productType = "com.apple.product-type.bundle.ui-testing";
		};
/* End PBXNativeTarget section */

/* Begin PBXProject section */
		F08EAFB72922B3D800DB049F /* Project object */ = {
			isa = PBXProject;
			attributes = {
				LastSwiftUpdateCheck = 1210;
				LastUpgradeCheck = 1210;
				TargetAttributes = {
					F08EAFBE2922B3D800DB049F = {
						CreatedOnToolsVersion = 12.1;
					};
					F08EAFD42922B3DB00DB049F = {
						CreatedOnToolsVersion = 12.1;
						TestTargetID = F08EAFBE2922B3D800DB049F;
					};
					F08EAFDF2922B3DB00DB049F = {
						CreatedOnToolsVersion = 12.1;
						TestTargetID = F08EAFBE2922B3D800DB049F;
					};
				};
			};
			buildConfigurationList = F08EAFBA2922B3D800DB049F /* Build configuration list for PBXProject "StoneChallenge" */;
			compatibilityVersion = "Xcode 9.3";
			developmentRegion = en;
			hasScannedForEncodings = 0;
			knownRegions = (
				en,
				Base,
			);
			mainGroup = F08EAFB62922B3D800DB049F;
			productRefGroup = F08EAFC02922B3D800DB049F /* Products */;
			projectDirPath = "";
			projectRoot = "";
			targets = (
				F08EAFBE2922B3D800DB049F /* StoneChallenge */,
				F08EAFD42922B3DB00DB049F /* StoneChallengeTests */,
				F08EAFDF2922B3DB00DB049F /* StoneChallengeUITests */,
			);
		};
/* End PBXProject section */

/* Begin PBXResourcesBuildPhase section */
		F08EAFBD2922B3D800DB049F /* Resources */ = {
			isa = PBXResourcesBuildPhase;
			buildActionMask = 2147483647;
			files = (
				F08EAFCF2922B3DA00DB049F /* LaunchScreen.storyboard in Resources */,
				F077374F2929BE3C00A6D0F7 /* Localizable.strings in Resources */,
				F08EAFCC2922B3DA00DB049F /* Assets.xcassets in Resources */,
			);
			runOnlyForDeploymentPostprocessing = 0;
		};
		F08EAFD32922B3DB00DB049F /* Resources */ = {
			isa = PBXResourcesBuildPhase;
			buildActionMask = 2147483647;
			files = (
			);
			runOnlyForDeploymentPostprocessing = 0;
		};
		F08EAFDE2922B3DB00DB049F /* Resources */ = {
			isa = PBXResourcesBuildPhase;
			buildActionMask = 2147483647;
			files = (
			);
			runOnlyForDeploymentPostprocessing = 0;
		};
/* End PBXResourcesBuildPhase section */

/* Begin PBXShellScriptBuildPhase section */
		6233DB2D158C4B3CBB2464AF /* [CP] Embed Pods Frameworks */ = {
			isa = PBXShellScriptBuildPhase;
			buildActionMask = 2147483647;
			files = (
			);
			inputFileListPaths = (
				"${PODS_ROOT}/Target Support Files/Pods-StoneChallenge/Pods-StoneChallenge-frameworks-${CONFIGURATION}-input-files.xcfilelist",
			);
			name = "[CP] Embed Pods Frameworks";
			outputFileListPaths = (
				"${PODS_ROOT}/Target Support Files/Pods-StoneChallenge/Pods-StoneChallenge-frameworks-${CONFIGURATION}-output-files.xcfilelist",
			);
			runOnlyForDeploymentPostprocessing = 0;
			shellPath = /bin/sh;
			shellScript = "\"${PODS_ROOT}/Target Support Files/Pods-StoneChallenge/Pods-StoneChallenge-frameworks.sh\"\n";
			showEnvVarsInLog = 0;
		};
		8321881BA7F3DB6F547E9807 /* [CP] Check Pods Manifest.lock */ = {
			isa = PBXShellScriptBuildPhase;
			buildActionMask = 2147483647;
			files = (
			);
			inputFileListPaths = (
			);
			inputPaths = (
				"${PODS_PODFILE_DIR_PATH}/Podfile.lock",
				"${PODS_ROOT}/Manifest.lock",
			);
			name = "[CP] Check Pods Manifest.lock";
			outputFileListPaths = (
			);
			outputPaths = (
				"$(DERIVED_FILE_DIR)/Pods-StoneChallenge-checkManifestLockResult.txt",
			);
			runOnlyForDeploymentPostprocessing = 0;
			shellPath = /bin/sh;
			shellScript = "diff \"${PODS_PODFILE_DIR_PATH}/Podfile.lock\" \"${PODS_ROOT}/Manifest.lock\" > /dev/null\nif [ $? != 0 ] ; then\n    # print error to STDERR\n    echo \"error: The sandbox is not in sync with the Podfile.lock. Run 'pod install' or update your CocoaPods installation.\" >&2\n    exit 1\nfi\n# This output is used by Xcode 'outputs' to avoid re-running this script phase.\necho \"SUCCESS\" > \"${SCRIPT_OUTPUT_FILE_0}\"\n";
			showEnvVarsInLog = 0;
		};
		C391E12692DB9F011417F923 /* [CP] Check Pods Manifest.lock */ = {
			isa = PBXShellScriptBuildPhase;
			buildActionMask = 2147483647;
			files = (
			);
			inputFileListPaths = (
			);
			inputPaths = (
				"${PODS_PODFILE_DIR_PATH}/Podfile.lock",
				"${PODS_ROOT}/Manifest.lock",
			);
			name = "[CP] Check Pods Manifest.lock";
			outputFileListPaths = (
			);
			outputPaths = (
				"$(DERIVED_FILE_DIR)/Pods-StoneChallengeTests-checkManifestLockResult.txt",
			);
			runOnlyForDeploymentPostprocessing = 0;
			shellPath = /bin/sh;
			shellScript = "diff \"${PODS_PODFILE_DIR_PATH}/Podfile.lock\" \"${PODS_ROOT}/Manifest.lock\" > /dev/null\nif [ $? != 0 ] ; then\n    # print error to STDERR\n    echo \"error: The sandbox is not in sync with the Podfile.lock. Run 'pod install' or update your CocoaPods installation.\" >&2\n    exit 1\nfi\n# This output is used by Xcode 'outputs' to avoid re-running this script phase.\necho \"SUCCESS\" > \"${SCRIPT_OUTPUT_FILE_0}\"\n";
			showEnvVarsInLog = 0;
		};
		CD605B7E17174CAFD309AA0E /* [CP] Embed Pods Frameworks */ = {
			isa = PBXShellScriptBuildPhase;
			buildActionMask = 2147483647;
			files = (
			);
			inputFileListPaths = (
				"${PODS_ROOT}/Target Support Files/Pods-StoneChallengeTests/Pods-StoneChallengeTests-frameworks-${CONFIGURATION}-input-files.xcfilelist",
			);
			name = "[CP] Embed Pods Frameworks";
			outputFileListPaths = (
				"${PODS_ROOT}/Target Support Files/Pods-StoneChallengeTests/Pods-StoneChallengeTests-frameworks-${CONFIGURATION}-output-files.xcfilelist",
			);
			runOnlyForDeploymentPostprocessing = 0;
			shellPath = /bin/sh;
			shellScript = "\"${PODS_ROOT}/Target Support Files/Pods-StoneChallengeTests/Pods-StoneChallengeTests-frameworks.sh\"\n";
			showEnvVarsInLog = 0;
		};
		F08EAFFB2922BFFF00DB049F /* ShellScript */ = {
			isa = PBXShellScriptBuildPhase;
			buildActionMask = 2147483647;
			files = (
			);
			inputFileListPaths = (
			);
			inputPaths = (
			);
			outputFileListPaths = (
			);
			outputPaths = (
			);
			runOnlyForDeploymentPostprocessing = 0;
			shellPath = /bin/sh;
			shellScript = "export PATH=\"$PATH:/opt/homebrew/bin\"\nif which swiftlint > /dev/null; then\n  swiftlint\nelse\n  echo \"warning: SwiftLint not installed, download from https://github.com/realm/SwiftLint\"\nfi\n";
		};
/* End PBXShellScriptBuildPhase section */

/* Begin PBXSourcesBuildPhase section */
		F08EAFBB2922B3D800DB049F /* Sources */ = {
			isa = PBXSourcesBuildPhase;
			buildActionMask = 2147483647;
			files = (
				F019FF3729240F210077BD42 /* CharacterCollectionViewCell.swift in Sources */,
				F0C35BE12928041B00F85183 /* CharacterPresenter.swift in Sources */,
				F019FF31292408EC0077BD42 /* CharactersViewModel.swift in Sources */,
				F08EAFC72922B3D800DB049F /* CharactersViewController.swift in Sources */,
				F08EAFC32922B3D800DB049F /* AppDelegate.swift in Sources */,
				F0C35BDC292803F400F85183 /* CharacterInteractor.swift in Sources */,
				F019FF7129243E7A0077BD42 /* CharactersInteractor.swift in Sources */,
				F07737472929B11300A6D0F7 /* UIStackView+Extensions.swift in Sources */,
				F07737542929CD7F00A6D0F7 /* APIParameters.swift in Sources */,
				F019FF0C2923F9DE0077BD42 /* Data+Info.swift in Sources */,
				F019FF112923FABB0077BD42 /* Info.swift in Sources */,
				F0C35BD7292801F300F85183 /* CharacterViewController.swift in Sources */,
				F0C35BFB29282F8000F85183 /* CharacterViewModel.swift in Sources */,
				F0C35B7F29245CE100F85183 /* DependencyContainer.swift in Sources */,
				F0C35BE9292806A300F85183 /* CharacterRouter.swift in Sources */,
				F08EB0112922CBD900DB049F /* Location.swift in Sources */,
				F08A1D12292980B8008EF437 /* FilterViewModel.swift in Sources */,
				F019FF6929243B040077BD42 /* CharactersPresenter.swift in Sources */,
				F08A1D172929835F008EF437 /* FilterViewController.swift in Sources */,
				F019FF482924196E0077BD42 /* ViewControllerPreview.swift in Sources */,
				F08A1D1C29298606008EF437 /* FilterPresenter.swift in Sources */,
				F08EAFC52922B3D800DB049F /* SceneDelegate.swift in Sources */,
				F08A1D26292987DB008EF437 /* FilterRouter.swift in Sources */,
				F077375E2929D4F000A6D0F7 /* Gender.swift in Sources */,
				F07737592929D4DF00A6D0F7 /* Status.swift in Sources */,
				F019FF3F29240F6B0077BD42 /* CharacterCollectionViewModel.swift in Sources */,
				F0773862292B19D200A6D0F7 /* FilterCallBack.swift in Sources */,
				F019FF042923F84B0077BD42 /* CharactersWebService.swift in Sources */,
				F08A1D21292987B8008EF437 /* FilterInteractor.swift in Sources */,
				F019FEFA2922D2D00077BD42 /* WebServiceType.swift in Sources */,
				F019FF7E29243ECA0077BD42 /* CharactersViewControllerFactory.swift in Sources */,
				F08A1D2B29298841008EF437 /* FilterViewControllerFactory.swift in Sources */,
				F019FF7629243EAF0077BD42 /* CharactersRouter.swift in Sources */,
				F08EB00C2922CAC700DB049F /* Character.swift in Sources */,
				F019FEFF2922D4190077BD42 /* CharacterWebService.swift in Sources */,
				F019FF5329241C440077BD42 /* ViewPreview.swift in Sources */,
				F0C35C012928345C00F85183 /* ImageCache.swift in Sources */,
				F0C35BEE292806C200F85183 /* CharacterViewControllerFactory.swift in Sources */,
			);
			runOnlyForDeploymentPostprocessing = 0;
		};
		F08EAFD12922B3DB00DB049F /* Sources */ = {
			isa = PBXSourcesBuildPhase;
			buildActionMask = 2147483647;
			files = (
				F0A078B2292D3601009FBED2 /* CharactersViewModelTests.swift in Sources */,
			);
			runOnlyForDeploymentPostprocessing = 0;
		};
		F08EAFDC2922B3DB00DB049F /* Sources */ = {
			isa = PBXSourcesBuildPhase;
			buildActionMask = 2147483647;
			files = (
				F08EAFE52922B3DB00DB049F /* StoneChallangeUITests.swift in Sources */,
			);
			runOnlyForDeploymentPostprocessing = 0;
		};
/* End PBXSourcesBuildPhase section */

/* Begin PBXTargetDependency section */
		F08EAFD72922B3DB00DB049F /* PBXTargetDependency */ = {
			isa = PBXTargetDependency;
			target = F08EAFBE2922B3D800DB049F /* StoneChallenge */;
			targetProxy = F08EAFD62922B3DB00DB049F /* PBXContainerItemProxy */;
		};
		F08EAFE22922B3DB00DB049F /* PBXTargetDependency */ = {
			isa = PBXTargetDependency;
			target = F08EAFBE2922B3D800DB049F /* StoneChallenge */;
			targetProxy = F08EAFE12922B3DB00DB049F /* PBXContainerItemProxy */;
		};
/* End PBXTargetDependency section */

/* Begin PBXVariantGroup section */
		F08EAFCD2922B3DA00DB049F /* LaunchScreen.storyboard */ = {
			isa = PBXVariantGroup;
			children = (
				F08EAFCE2922B3DA00DB049F /* Base */,
			);
			name = LaunchScreen.storyboard;
			sourceTree = "<group>";
		};
/* End PBXVariantGroup section */

/* Begin XCBuildConfiguration section */
		F08EAFE72922B3DB00DB049F /* Debug */ = {
			isa = XCBuildConfiguration;
			buildSettings = {
				ALWAYS_SEARCH_USER_PATHS = NO;
				CLANG_ANALYZER_NONNULL = YES;
				CLANG_ANALYZER_NUMBER_OBJECT_CONVERSION = YES_AGGRESSIVE;
				CLANG_CXX_LANGUAGE_STANDARD = "gnu++14";
				CLANG_CXX_LIBRARY = "libc++";
				CLANG_ENABLE_MODULES = YES;
				CLANG_ENABLE_OBJC_ARC = YES;
				CLANG_ENABLE_OBJC_WEAK = YES;
				CLANG_WARN_BLOCK_CAPTURE_AUTORELEASING = YES;
				CLANG_WARN_BOOL_CONVERSION = YES;
				CLANG_WARN_COMMA = YES;
				CLANG_WARN_CONSTANT_CONVERSION = YES;
				CLANG_WARN_DEPRECATED_OBJC_IMPLEMENTATIONS = YES;
				CLANG_WARN_DIRECT_OBJC_ISA_USAGE = YES_ERROR;
				CLANG_WARN_DOCUMENTATION_COMMENTS = YES;
				CLANG_WARN_EMPTY_BODY = YES;
				CLANG_WARN_ENUM_CONVERSION = YES;
				CLANG_WARN_INFINITE_RECURSION = YES;
				CLANG_WARN_INT_CONVERSION = YES;
				CLANG_WARN_NON_LITERAL_NULL_CONVERSION = YES;
				CLANG_WARN_OBJC_IMPLICIT_RETAIN_SELF = YES;
				CLANG_WARN_OBJC_LITERAL_CONVERSION = YES;
				CLANG_WARN_OBJC_ROOT_CLASS = YES_ERROR;
				CLANG_WARN_QUOTED_INCLUDE_IN_FRAMEWORK_HEADER = YES;
				CLANG_WARN_RANGE_LOOP_ANALYSIS = YES;
				CLANG_WARN_STRICT_PROTOTYPES = YES;
				CLANG_WARN_SUSPICIOUS_MOVE = YES;
				CLANG_WARN_UNGUARDED_AVAILABILITY = YES_AGGRESSIVE;
				CLANG_WARN_UNREACHABLE_CODE = YES;
				CLANG_WARN__DUPLICATE_METHOD_MATCH = YES;
				COPY_PHASE_STRIP = NO;
				DEBUG_INFORMATION_FORMAT = dwarf;
				ENABLE_STRICT_OBJC_MSGSEND = YES;
				ENABLE_TESTABILITY = YES;
				GCC_C_LANGUAGE_STANDARD = gnu11;
				GCC_DYNAMIC_NO_PIC = NO;
				GCC_NO_COMMON_BLOCKS = YES;
				GCC_OPTIMIZATION_LEVEL = 0;
				GCC_PREPROCESSOR_DEFINITIONS = (
					"DEBUG=1",
					"$(inherited)",
				);
				GCC_WARN_64_TO_32_BIT_CONVERSION = YES;
				GCC_WARN_ABOUT_RETURN_TYPE = YES_ERROR;
				GCC_WARN_UNDECLARED_SELECTOR = YES;
				GCC_WARN_UNINITIALIZED_AUTOS = YES_AGGRESSIVE;
				GCC_WARN_UNUSED_FUNCTION = YES;
				GCC_WARN_UNUSED_VARIABLE = YES;
				IPHONEOS_DEPLOYMENT_TARGET = 14.1;
				MTL_ENABLE_DEBUG_INFO = INCLUDE_SOURCE;
				MTL_FAST_MATH = YES;
				ONLY_ACTIVE_ARCH = YES;
				SDKROOT = iphoneos;
				SWIFT_ACTIVE_COMPILATION_CONDITIONS = DEBUG;
				SWIFT_OPTIMIZATION_LEVEL = "-Onone";
			};
			name = Debug;
		};
		F08EAFE82922B3DB00DB049F /* Release */ = {
			isa = XCBuildConfiguration;
			buildSettings = {
				ALWAYS_SEARCH_USER_PATHS = NO;
				CLANG_ANALYZER_NONNULL = YES;
				CLANG_ANALYZER_NUMBER_OBJECT_CONVERSION = YES_AGGRESSIVE;
				CLANG_CXX_LANGUAGE_STANDARD = "gnu++14";
				CLANG_CXX_LIBRARY = "libc++";
				CLANG_ENABLE_MODULES = YES;
				CLANG_ENABLE_OBJC_ARC = YES;
				CLANG_ENABLE_OBJC_WEAK = YES;
				CLANG_WARN_BLOCK_CAPTURE_AUTORELEASING = YES;
				CLANG_WARN_BOOL_CONVERSION = YES;
				CLANG_WARN_COMMA = YES;
				CLANG_WARN_CONSTANT_CONVERSION = YES;
				CLANG_WARN_DEPRECATED_OBJC_IMPLEMENTATIONS = YES;
				CLANG_WARN_DIRECT_OBJC_ISA_USAGE = YES_ERROR;
				CLANG_WARN_DOCUMENTATION_COMMENTS = YES;
				CLANG_WARN_EMPTY_BODY = YES;
				CLANG_WARN_ENUM_CONVERSION = YES;
				CLANG_WARN_INFINITE_RECURSION = YES;
				CLANG_WARN_INT_CONVERSION = YES;
				CLANG_WARN_NON_LITERAL_NULL_CONVERSION = YES;
				CLANG_WARN_OBJC_IMPLICIT_RETAIN_SELF = YES;
				CLANG_WARN_OBJC_LITERAL_CONVERSION = YES;
				CLANG_WARN_OBJC_ROOT_CLASS = YES_ERROR;
				CLANG_WARN_QUOTED_INCLUDE_IN_FRAMEWORK_HEADER = YES;
				CLANG_WARN_RANGE_LOOP_ANALYSIS = YES;
				CLANG_WARN_STRICT_PROTOTYPES = YES;
				CLANG_WARN_SUSPICIOUS_MOVE = YES;
				CLANG_WARN_UNGUARDED_AVAILABILITY = YES_AGGRESSIVE;
				CLANG_WARN_UNREACHABLE_CODE = YES;
				CLANG_WARN__DUPLICATE_METHOD_MATCH = YES;
				COPY_PHASE_STRIP = NO;
				DEBUG_INFORMATION_FORMAT = "dwarf-with-dsym";
				ENABLE_NS_ASSERTIONS = NO;
				ENABLE_STRICT_OBJC_MSGSEND = YES;
				GCC_C_LANGUAGE_STANDARD = gnu11;
				GCC_NO_COMMON_BLOCKS = YES;
				GCC_WARN_64_TO_32_BIT_CONVERSION = YES;
				GCC_WARN_ABOUT_RETURN_TYPE = YES_ERROR;
				GCC_WARN_UNDECLARED_SELECTOR = YES;
				GCC_WARN_UNINITIALIZED_AUTOS = YES_AGGRESSIVE;
				GCC_WARN_UNUSED_FUNCTION = YES;
				GCC_WARN_UNUSED_VARIABLE = YES;
				IPHONEOS_DEPLOYMENT_TARGET = 14.1;
				MTL_ENABLE_DEBUG_INFO = NO;
				MTL_FAST_MATH = YES;
				SDKROOT = iphoneos;
				SWIFT_COMPILATION_MODE = wholemodule;
				SWIFT_OPTIMIZATION_LEVEL = "-O";
				VALIDATE_PRODUCT = YES;
			};
			name = Release;
		};
		F08EAFEA2922B3DB00DB049F /* Debug */ = {
			isa = XCBuildConfiguration;
			baseConfigurationReference = 23245D373D41EEB44F792BA7 /* Pods-StoneChallenge.debug.xcconfig */;
			buildSettings = {
				ASSETCATALOG_COMPILER_APPICON_NAME = AppIcon;
				ASSETCATALOG_COMPILER_GLOBAL_ACCENT_COLOR_NAME = AccentColor;
				CODE_SIGN_STYLE = Automatic;
				DEVELOPMENT_TEAM = WDU3U6PS84;
				INFOPLIST_FILE = StoneChallenge/Info.plist;
				LD_RUNPATH_SEARCH_PATHS = (
					"$(inherited)",
					"@executable_path/Frameworks",
				);
				PRODUCT_BUNDLE_IDENTIFIER = nu.cya.StoneChallenge;
				PRODUCT_NAME = "$(TARGET_NAME)";
				SWIFT_VERSION = 5.0;
				TARGETED_DEVICE_FAMILY = 1;
			};
			name = Debug;
		};
		F08EAFEB2922B3DB00DB049F /* Release */ = {
			isa = XCBuildConfiguration;
			baseConfigurationReference = 5D95E0160805D397C5C869BE /* Pods-StoneChallenge.release.xcconfig */;
			buildSettings = {
				ASSETCATALOG_COMPILER_APPICON_NAME = AppIcon;
				ASSETCATALOG_COMPILER_GLOBAL_ACCENT_COLOR_NAME = AccentColor;
				CODE_SIGN_STYLE = Automatic;
				DEVELOPMENT_TEAM = WDU3U6PS84;
				INFOPLIST_FILE = StoneChallenge/Info.plist;
				LD_RUNPATH_SEARCH_PATHS = (
					"$(inherited)",
					"@executable_path/Frameworks",
				);
				PRODUCT_BUNDLE_IDENTIFIER = nu.cya.StoneChallenge;
				PRODUCT_NAME = "$(TARGET_NAME)";
				SWIFT_VERSION = 5.0;
				TARGETED_DEVICE_FAMILY = 1;
			};
			name = Release;
		};
		F08EAFED2922B3DB00DB049F /* Debug */ = {
			isa = XCBuildConfiguration;
			baseConfigurationReference = 23245D373D41EEB44F792BA7 /* Pods-StoneChallenge.debug.xcconfig */;
			buildSettings = {
				ALWAYS_EMBED_SWIFT_STANDARD_LIBRARIES = YES;
				BUNDLE_LOADER = "$(TEST_HOST)";
				CODE_SIGN_STYLE = Automatic;
				DEVELOPMENT_TEAM = WDU3U6PS84;
				INFOPLIST_FILE = StoneChallengeTests/Info.plist;
				IPHONEOS_DEPLOYMENT_TARGET = 14.1;
				LD_RUNPATH_SEARCH_PATHS = (
					"$(inherited)",
					"@executable_path/Frameworks",
					"@loader_path/Frameworks",
				);
				PRODUCT_BUNDLE_IDENTIFIER = nu.cya.StoneChallangeTests;
				PRODUCT_NAME = "$(TARGET_NAME)";
				SWIFT_VERSION = 5.0;
				TARGETED_DEVICE_FAMILY = "1,2";
				TEST_HOST = "$(BUILT_PRODUCTS_DIR)/StoneChallenge.app/StoneChallenge";
			};
			name = Debug;
		};
		F08EAFEE2922B3DB00DB049F /* Release */ = {
			isa = XCBuildConfiguration;
			baseConfigurationReference = 6614FEAA8A2C92791E59B6AC /* Pods-StoneChallengeTests.release.xcconfig */;
			buildSettings = {
				ALWAYS_EMBED_SWIFT_STANDARD_LIBRARIES = YES;
				BUNDLE_LOADER = "$(TEST_HOST)";
				CODE_SIGN_STYLE = Automatic;
				DEVELOPMENT_TEAM = WDU3U6PS84;
				INFOPLIST_FILE = StoneChallengeTests/Info.plist;
				IPHONEOS_DEPLOYMENT_TARGET = 14.1;
				LD_RUNPATH_SEARCH_PATHS = (
					"$(inherited)",
					"@executable_path/Frameworks",
					"@loader_path/Frameworks",
				);
				PRODUCT_BUNDLE_IDENTIFIER = nu.cya.StoneChallangeTests;
				PRODUCT_NAME = "$(TARGET_NAME)";
				SWIFT_VERSION = 5.0;
				TARGETED_DEVICE_FAMILY = "1,2";
				TEST_HOST = "$(BUILT_PRODUCTS_DIR)/StoneChallenge.app/StoneChallenge";
			};
			name = Release;
		};
		F08EAFF02922B3DB00DB049F /* Debug */ = {
			isa = XCBuildConfiguration;
			baseConfigurationReference = 23245D373D41EEB44F792BA7 /* Pods-StoneChallenge.debug.xcconfig */;
			buildSettings = {
				ALWAYS_EMBED_SWIFT_STANDARD_LIBRARIES = YES;
				CODE_SIGN_STYLE = Automatic;
				DEVELOPMENT_TEAM = WDU3U6PS84;
				INFOPLIST_FILE = StoneChallangeUITests/Info.plist;
				LD_RUNPATH_SEARCH_PATHS = (
					"$(inherited)",
					"@executable_path/Frameworks",
					"@loader_path/Frameworks",
				);
				PRODUCT_BUNDLE_IDENTIFIER = nu.cya.StoneChallangeUITests;
				PRODUCT_NAME = "$(TARGET_NAME)";
				SWIFT_VERSION = 5.0;
				TARGETED_DEVICE_FAMILY = "1,2";
				TEST_TARGET_NAME = StoneChallange;
			};
			name = Debug;
		};
		F08EAFF12922B3DB00DB049F /* Release */ = {
			isa = XCBuildConfiguration;
			buildSettings = {
				ALWAYS_EMBED_SWIFT_STANDARD_LIBRARIES = YES;
				CODE_SIGN_STYLE = Automatic;
				DEVELOPMENT_TEAM = WDU3U6PS84;
				INFOPLIST_FILE = StoneChallangeUITests/Info.plist;
				LD_RUNPATH_SEARCH_PATHS = (
					"$(inherited)",
					"@executable_path/Frameworks",
					"@loader_path/Frameworks",
				);
				PRODUCT_BUNDLE_IDENTIFIER = nu.cya.StoneChallangeUITests;
				PRODUCT_NAME = "$(TARGET_NAME)";
				SWIFT_VERSION = 5.0;
				TARGETED_DEVICE_FAMILY = "1,2";
				TEST_TARGET_NAME = StoneChallange;
			};
			name = Release;
		};
/* End XCBuildConfiguration section */

/* Begin XCConfigurationList section */
		F08EAFBA2922B3D800DB049F /* Build configuration list for PBXProject "StoneChallenge" */ = {
			isa = XCConfigurationList;
			buildConfigurations = (
				F08EAFE72922B3DB00DB049F /* Debug */,
				F08EAFE82922B3DB00DB049F /* Release */,
			);
			defaultConfigurationIsVisible = 0;
			defaultConfigurationName = Release;
		};
		F08EAFE92922B3DB00DB049F /* Build configuration list for PBXNativeTarget "StoneChallenge" */ = {
			isa = XCConfigurationList;
			buildConfigurations = (
				F08EAFEA2922B3DB00DB049F /* Debug */,
				F08EAFEB2922B3DB00DB049F /* Release */,
			);
			defaultConfigurationIsVisible = 0;
			defaultConfigurationName = Release;
		};
		F08EAFEC2922B3DB00DB049F /* Build configuration list for PBXNativeTarget "StoneChallengeTests" */ = {
			isa = XCConfigurationList;
			buildConfigurations = (
				F08EAFED2922B3DB00DB049F /* Debug */,
				F08EAFEE2922B3DB00DB049F /* Release */,
			);
			defaultConfigurationIsVisible = 0;
			defaultConfigurationName = Release;
		};
		F08EAFEF2922B3DB00DB049F /* Build configuration list for PBXNativeTarget "StoneChallengeUITests" */ = {
			isa = XCConfigurationList;
			buildConfigurations = (
				F08EAFF02922B3DB00DB049F /* Debug */,
				F08EAFF12922B3DB00DB049F /* Release */,
			);
			defaultConfigurationIsVisible = 0;
			defaultConfigurationName = Release;
		};
/* End XCConfigurationList section */
	};
	rootObject = F08EAFB72922B3D800DB049F /* Project object */;
}
